
Microsoft Visual Studio Solution File, Format Version 12.00
# Visual Studio Version 17
VisualStudioVersion = 17.1.32228.430
MinimumVisualStudioVersion = 10.0.40219.1
Project("{9A19103F-16F7-4668-BE54-9A1E7A4F7556}") = "Client", "Client\Client.csproj", "{F53AC7A7-CA6A-4DB2-BE22-EA9F79DBC043}"
EndProject
Project("{9A19103F-16F7-4668-BE54-9A1E7A4F7556}") = "Server", "Server\Server.csproj", "{A60966C8-47D6-4376-A843-8E0AE9208E87}"
EndProject
Project("{D954291E-2A0B-460D-934E-DC6B0785DB48}") = "Shared", "Shared\Shared.shproj", "{370669BF-1F9F-40D7-BF15-69B9C0266806}"
EndProject
Global
	GlobalSection(SharedMSBuildProjectFiles) = preSolution
		Shared\Shared.projitems*{370669bf-1f9f-40d7-bf15-69b9c0266806}*SharedItemsImports = 13
		Shared\Shared.projitems*{a60966c8-47d6-4376-a843-8e0ae9208e87}*SharedItemsImports = 5
		Shared\Shared.projitems*{f53ac7a7-ca6a-4db2-be22-ea9f79dbc043}*SharedItemsImports = 5
	EndGlobalSection
	GlobalSection(SolutionConfigurationPlatforms) = preSolution
		Debug|Any CPU = Debug|Any CPU
		Release|Any CPU = Release|Any CPU
	EndGlobalSection
	GlobalSection(ProjectConfigurationPlatforms) = postSolution
		{F53AC7A7-CA6A-4DB2-BE22-EA9F79DBC043}.Debug|Any CPU.ActiveCfg = Debug|Any CPU
		{F53AC7A7-CA6A-4DB2-BE22-EA9F79DBC043}.Debug|Any CPU.Build.0 = Debug|Any CPU
		{F53AC7A7-CA6A-4DB2-BE22-EA9F79DBC043}.Release|Any CPU.ActiveCfg = Release|Any CPU
		{F53AC7A7-CA6A-4DB2-BE22-EA9F79DBC043}.Release|Any CPU.Build.0 = Release|Any CPU
		{A60966C8-47D6-4376-A843-8E0AE9208E87}.Debug|Any CPU.ActiveCfg = Debug|Any CPU
		{A60966C8-47D6-4376-A843-8E0AE9208E87}.Debug|Any CPU.Build.0 = Debug|Any CPU
		{A60966C8-47D6-4376-A843-8E0AE9208E87}.Release|Any CPU.ActiveCfg = Release|Any CPU
		{A60966C8-47D6-4376-A843-8E0AE9208E87}.Release|Any CPU.Build.0 = Release|Any CPU
	EndGlobalSection
	GlobalSection(SolutionProperties) = preSolution
		HideSolutionNode = FALSE
	EndGlobalSection
	GlobalSection(ExtensibilityGlobals) = postSolution
		SolutionGuid = {08734CA9-6703-46C0-BF41-C99EF1555096}
	EndGlobalSection
EndGlobal
